// !$*UTF8*$!
{
	archiveVersion = 1;
	classes = {
	};
	objectVersion = 46;
	objects = {

/* Begin PBXBuildFile section */
		851EF8321B58C72B000E6075 /* main.m in Sources */ = {isa = PBXBuildFile; fileRef = 851EF8311B58C72B000E6075 /* main.m */; };
		851EF8351B58C72B000E6075 /* AppDelegate.m in Sources */ = {isa = PBXBuildFile; fileRef = 851EF8341B58C72B000E6075 /* AppDelegate.m */; };
		851EF83B1B58C72B000E6075 /* Main.storyboard in Resources */ = {isa = PBXBuildFile; fileRef = 851EF8391B58C72B000E6075 /* Main.storyboard */; };
		851EF83D1B58C72B000E6075 /* Images.xcassets in Resources */ = {isa = PBXBuildFile; fileRef = 851EF83C1B58C72B000E6075 /* Images.xcassets */; };
		851EF8401B58C72B000E6075 /* LaunchScreen.xib in Resources */ = {isa = PBXBuildFile; fileRef = 851EF83E1B58C72B000E6075 /* LaunchScreen.xib */; };
		851EF84C1B58C72B000E6075 /* RainforestBayTests.m in Sources */ = {isa = PBXBuildFile; fileRef = 851EF84B1B58C72B000E6075 /* RainforestBayTests.m */; };
		852FC8EA1B5B5B11001B5AA2 /* ProfileViewController.m in Sources */ = {isa = PBXBuildFile; fileRef = 852FC8E91B5B5B11001B5AA2 /* ProfileViewController.m */; };
		852FC8F01B5B6939001B5AA2 /* RBTabBarViewController.m in Sources */ = {isa = PBXBuildFile; fileRef = 852FC8EF1B5B6939001B5AA2 /* RBTabBarViewController.m */; };
		852FC8F31B5B7AE9001B5AA2 /* AuthViewController.m in Sources */ = {isa = PBXBuildFile; fileRef = 852FC8F21B5B7AE9001B5AA2 /* AuthViewController.m */; };
		853CA8C61B590A61003AC7F0 /* MarketplaceViewController.m in Sources */ = {isa = PBXBuildFile; fileRef = 853CA8C51B590A61003AC7F0 /* MarketplaceViewController.m */; };
		85DF7CB41B59136500687350 /* Bolts.framework in Frameworks */ = {isa = PBXBuildFile; fileRef = 85DF7CB21B59136500687350 /* Bolts.framework */; };
		85DF7CB51B59136500687350 /* Parse.framework in Frameworks */ = {isa = PBXBuildFile; fileRef = 85DF7CB31B59136500687350 /* Parse.framework */; };
		85DF7CB81B59138E00687350 /* AudioToolbox.framework in Frameworks */ = {isa = PBXBuildFile; fileRef = 85DF7CB71B59138E00687350 /* AudioToolbox.framework */; };
		85DF7CBA1B59139500687350 /* CFNetwork.framework in Frameworks */ = {isa = PBXBuildFile; fileRef = 85DF7CB91B59139500687350 /* CFNetwork.framework */; };
		85DF7CBC1B59139B00687350 /* CoreGraphics.framework in Frameworks */ = {isa = PBXBuildFile; fileRef = 85DF7CBB1B59139B00687350 /* CoreGraphics.framework */; };
		85DF7CBE1B5913A300687350 /* CoreLocation.framework in Frameworks */ = {isa = PBXBuildFile; fileRef = 85DF7CBD1B5913A300687350 /* CoreLocation.framework */; };
		85DF7CC01B5913AA00687350 /* QuartzCore.framework in Frameworks */ = {isa = PBXBuildFile; fileRef = 85DF7CBF1B5913AA00687350 /* QuartzCore.framework */; };
		85DF7CC21B5913AF00687350 /* Security.framework in Frameworks */ = {isa = PBXBuildFile; fileRef = 85DF7CC11B5913AF00687350 /* Security.framework */; };
		85DF7CC41B5913B500687350 /* StoreKit.framework in Frameworks */ = {isa = PBXBuildFile; fileRef = 85DF7CC31B5913B500687350 /* StoreKit.framework */; };
		85DF7CC61B5913BA00687350 /* SystemConfiguration.framework in Frameworks */ = {isa = PBXBuildFile; fileRef = 85DF7CC51B5913BA00687350 /* SystemConfiguration.framework */; };
		85DF7CC81B5913C000687350 /* libz.dylib in Frameworks */ = {isa = PBXBuildFile; fileRef = 85DF7CC71B5913C000687350 /* libz.dylib */; };
		85DF7CCA1B5913C600687350 /* libsqlite3.dylib in Frameworks */ = {isa = PBXBuildFile; fileRef = 85DF7CC91B5913C600687350 /* libsqlite3.dylib */; };
		85DF7CCC1B5913CF00687350 /* Accounts.framework in Frameworks */ = {isa = PBXBuildFile; fileRef = 85DF7CCB1B5913CF00687350 /* Accounts.framework */; };
		85DF7CCE1B5913D400687350 /* Social.framework in Frameworks */ = {isa = PBXBuildFile; fileRef = 85DF7CCD1B5913D400687350 /* Social.framework */; };
		85DF7CD11B5914C800687350 /* SellViewController.m in Sources */ = {isa = PBXBuildFile; fileRef = 85DF7CD01B5914C800687350 /* SellViewController.m */; };
		85DF7CD41B59151700687350 /* Listing.m in Sources */ = {isa = PBXBuildFile; fileRef = 85DF7CD31B59151700687350 /* Listing.m */; };
/* End PBXBuildFile section */

/* Begin PBXContainerItemProxy section */
		851EF8461B58C72B000E6075 /* PBXContainerItemProxy */ = {
			isa = PBXContainerItemProxy;
			containerPortal = 851EF8241B58C72B000E6075 /* Project object */;
			proxyType = 1;
			remoteGlobalIDString = 851EF82B1B58C72B000E6075;
			remoteInfo = RainforestBay;
		};
/* End PBXContainerItemProxy section */

/* Begin PBXFileReference section */
		851EF82C1B58C72B000E6075 /* RainforestBay.app */ = {isa = PBXFileReference; explicitFileType = wrapper.application; includeInIndex = 0; path = RainforestBay.app; sourceTree = BUILT_PRODUCTS_DIR; };
		851EF8301B58C72B000E6075 /* Info.plist */ = {isa = PBXFileReference; lastKnownFileType = text.plist.xml; path = Info.plist; sourceTree = "<group>"; };
		851EF8311B58C72B000E6075 /* main.m */ = {isa = PBXFileReference; lastKnownFileType = sourcecode.c.objc; path = main.m; sourceTree = "<group>"; };
		851EF8331B58C72B000E6075 /* AppDelegate.h */ = {isa = PBXFileReference; lastKnownFileType = sourcecode.c.h; path = AppDelegate.h; sourceTree = "<group>"; };
		851EF8341B58C72B000E6075 /* AppDelegate.m */ = {isa = PBXFileReference; lastKnownFileType = sourcecode.c.objc; path = AppDelegate.m; sourceTree = "<group>"; };
		851EF83A1B58C72B000E6075 /* Base */ = {isa = PBXFileReference; lastKnownFileType = file.storyboard; name = Base; path = Base.lproj/Main.storyboard; sourceTree = "<group>"; };
		851EF83C1B58C72B000E6075 /* Images.xcassets */ = {isa = PBXFileReference; lastKnownFileType = folder.assetcatalog; path = Images.xcassets; sourceTree = "<group>"; };
		851EF83F1B58C72B000E6075 /* Base */ = {isa = PBXFileReference; lastKnownFileType = file.xib; name = Base; path = Base.lproj/LaunchScreen.xib; sourceTree = "<group>"; };
		851EF8451B58C72B000E6075 /* RainforestBayTests.xctest */ = {isa = PBXFileReference; explicitFileType = wrapper.cfbundle; includeInIndex = 0; path = RainforestBayTests.xctest; sourceTree = BUILT_PRODUCTS_DIR; };
		851EF84A1B58C72B000E6075 /* Info.plist */ = {isa = PBXFileReference; lastKnownFileType = text.plist.xml; path = Info.plist; sourceTree = "<group>"; };
		851EF84B1B58C72B000E6075 /* RainforestBayTests.m */ = {isa = PBXFileReference; lastKnownFileType = sourcecode.c.objc; path = RainforestBayTests.m; sourceTree = "<group>"; };
		852FC8E81B5B5B11001B5AA2 /* ProfileViewController.h */ = {isa = PBXFileReference; fileEncoding = 4; lastKnownFileType = sourcecode.c.h; path = ProfileViewController.h; sourceTree = "<group>"; };
		852FC8E91B5B5B11001B5AA2 /* ProfileViewController.m */ = {isa = PBXFileReference; fileEncoding = 4; lastKnownFileType = sourcecode.c.objc; path = ProfileViewController.m; sourceTree = "<group>"; };
		852FC8EE1B5B6939001B5AA2 /* RBTabBarViewController.h */ = {isa = PBXFileReference; fileEncoding = 4; lastKnownFileType = sourcecode.c.h; path = RBTabBarViewController.h; sourceTree = "<group>"; };
		852FC8EF1B5B6939001B5AA2 /* RBTabBarViewController.m */ = {isa = PBXFileReference; fileEncoding = 4; lastKnownFileType = sourcecode.c.objc; path = RBTabBarViewController.m; sourceTree = "<group>"; };
		852FC8F11B5B7AE9001B5AA2 /* AuthViewController.h */ = {isa = PBXFileReference; fileEncoding = 4; lastKnownFileType = sourcecode.c.h; path = AuthViewController.h; sourceTree = "<group>"; };
		852FC8F21B5B7AE9001B5AA2 /* AuthViewController.m */ = {isa = PBXFileReference; fileEncoding = 4; lastKnownFileType = sourcecode.c.objc; path = AuthViewController.m; sourceTree = "<group>"; };
		853CA8C41B590A61003AC7F0 /* MarketplaceViewController.h */ = {isa = PBXFileReference; fileEncoding = 4; lastKnownFileType = sourcecode.c.h; path = MarketplaceViewController.h; sourceTree = "<group>"; };
		853CA8C51B590A61003AC7F0 /* MarketplaceViewController.m */ = {isa = PBXFileReference; fileEncoding = 4; lastKnownFileType = sourcecode.c.objc; path = MarketplaceViewController.m; sourceTree = "<group>"; };
		85DF7CB21B59136500687350 /* Bolts.framework */ = {isa = PBXFileReference; lastKnownFileType = wrapper.framework; path = Bolts.framework; sourceTree = "<group>"; };
		85DF7CB31B59136500687350 /* Parse.framework */ = {isa = PBXFileReference; lastKnownFileType = wrapper.framework; path = Parse.framework; sourceTree = "<group>"; };
		85DF7CB71B59138E00687350 /* AudioToolbox.framework */ = {isa = PBXFileReference; lastKnownFileType = wrapper.framework; name = AudioToolbox.framework; path = System/Library/Frameworks/AudioToolbox.framework; sourceTree = SDKROOT; };
		85DF7CB91B59139500687350 /* CFNetwork.framework */ = {isa = PBXFileReference; lastKnownFileType = wrapper.framework; name = CFNetwork.framework; path = System/Library/Frameworks/CFNetwork.framework; sourceTree = SDKROOT; };
		85DF7CBB1B59139B00687350 /* CoreGraphics.framework */ = {isa = PBXFileReference; lastKnownFileType = wrapper.framework; name = CoreGraphics.framework; path = System/Library/Frameworks/CoreGraphics.framework; sourceTree = SDKROOT; };
		85DF7CBD1B5913A300687350 /* CoreLocation.framework */ = {isa = PBXFileReference; lastKnownFileType = wrapper.framework; name = CoreLocation.framework; path = System/Library/Frameworks/CoreLocation.framework; sourceTree = SDKROOT; };
		85DF7CBF1B5913AA00687350 /* QuartzCore.framework */ = {isa = PBXFileReference; lastKnownFileType = wrapper.framework; name = QuartzCore.framework; path = System/Library/Frameworks/QuartzCore.framework; sourceTree = SDKROOT; };
		85DF7CC11B5913AF00687350 /* Security.framework */ = {isa = PBXFileReference; lastKnownFileType = wrapper.framework; name = Security.framework; path = System/Library/Frameworks/Security.framework; sourceTree = SDKROOT; };
		85DF7CC31B5913B500687350 /* StoreKit.framework */ = {isa = PBXFileReference; lastKnownFileType = wrapper.framework; name = StoreKit.framework; path = System/Library/Frameworks/StoreKit.framework; sourceTree = SDKROOT; };
		85DF7CC51B5913BA00687350 /* SystemConfiguration.framework */ = {isa = PBXFileReference; lastKnownFileType = wrapper.framework; name = SystemConfiguration.framework; path = System/Library/Frameworks/SystemConfiguration.framework; sourceTree = SDKROOT; };
		85DF7CC71B5913C000687350 /* libz.dylib */ = {isa = PBXFileReference; lastKnownFileType = "compiled.mach-o.dylib"; name = libz.dylib; path = usr/lib/libz.dylib; sourceTree = SDKROOT; };
		85DF7CC91B5913C600687350 /* libsqlite3.dylib */ = {isa = PBXFileReference; lastKnownFileType = "compiled.mach-o.dylib"; name = libsqlite3.dylib; path = usr/lib/libsqlite3.dylib; sourceTree = SDKROOT; };
		85DF7CCB1B5913CF00687350 /* Accounts.framework */ = {isa = PBXFileReference; lastKnownFileType = wrapper.framework; name = Accounts.framework; path = System/Library/Frameworks/Accounts.framework; sourceTree = SDKROOT; };
		85DF7CCD1B5913D400687350 /* Social.framework */ = {isa = PBXFileReference; lastKnownFileType = wrapper.framework; name = Social.framework; path = System/Library/Frameworks/Social.framework; sourceTree = SDKROOT; };
		85DF7CCF1B5914C800687350 /* SellViewController.h */ = {isa = PBXFileReference; fileEncoding = 4; lastKnownFileType = sourcecode.c.h; path = SellViewController.h; sourceTree = "<group>"; };
		85DF7CD01B5914C800687350 /* SellViewController.m */ = {isa = PBXFileReference; fileEncoding = 4; lastKnownFileType = sourcecode.c.objc; path = SellViewController.m; sourceTree = "<group>"; };
		85DF7CD21B59151700687350 /* Listing.h */ = {isa = PBXFileReference; fileEncoding = 4; lastKnownFileType = sourcecode.c.h; path = Listing.h; sourceTree = "<group>"; };
		85DF7CD31B59151700687350 /* Listing.m */ = {isa = PBXFileReference; fileEncoding = 4; lastKnownFileType = sourcecode.c.objc; path = Listing.m; sourceTree = "<group>"; };
/* End PBXFileReference section */

/* Begin PBXFrameworksBuildPhase section */
		851EF8291B58C72B000E6075 /* Frameworks */ = {
			isa = PBXFrameworksBuildPhase;
			buildActionMask = 2147483647;
			files = (
				85DF7CCE1B5913D400687350 /* Social.framework in Frameworks */,
				85DF7CCC1B5913CF00687350 /* Accounts.framework in Frameworks */,
				85DF7CCA1B5913C600687350 /* libsqlite3.dylib in Frameworks */,
				85DF7CC81B5913C000687350 /* libz.dylib in Frameworks */,
				85DF7CC61B5913BA00687350 /* SystemConfiguration.framework in Frameworks */,
				85DF7CC41B5913B500687350 /* StoreKit.framework in Frameworks */,
				85DF7CC21B5913AF00687350 /* Security.framework in Frameworks */,
				85DF7CC01B5913AA00687350 /* QuartzCore.framework in Frameworks */,
				85DF7CBE1B5913A300687350 /* CoreLocation.framework in Frameworks */,
				85DF7CBC1B59139B00687350 /* CoreGraphics.framework in Frameworks */,
				85DF7CBA1B59139500687350 /* CFNetwork.framework in Frameworks */,
				85DF7CB81B59138E00687350 /* AudioToolbox.framework in Frameworks */,
				85DF7CB51B59136500687350 /* Parse.framework in Frameworks */,
				85DF7CB41B59136500687350 /* Bolts.framework in Frameworks */,
			);
			runOnlyForDeploymentPostprocessing = 0;
		};
		851EF8421B58C72B000E6075 /* Frameworks */ = {
			isa = PBXFrameworksBuildPhase;
			buildActionMask = 2147483647;
			files = (
			);
			runOnlyForDeploymentPostprocessing = 0;
		};
/* End PBXFrameworksBuildPhase section */

/* Begin PBXGroup section */
		851EF8231B58C72B000E6075 = {
			isa = PBXGroup;
			children = (
				85DF7CB61B59136B00687350 /* Frameworks */,
				851EF82E1B58C72B000E6075 /* RainforestBay */,
				851EF8481B58C72B000E6075 /* RainforestBayTests */,
				851EF82D1B58C72B000E6075 /* Products */,
			);
			sourceTree = "<group>";
		};
		851EF82D1B58C72B000E6075 /* Products */ = {
			isa = PBXGroup;
			children = (
				851EF82C1B58C72B000E6075 /* RainforestBay.app */,
				851EF8451B58C72B000E6075 /* RainforestBayTests.xctest */,
			);
			name = Products;
			sourceTree = "<group>";
		};
		851EF82E1B58C72B000E6075 /* RainforestBay */ = {
			isa = PBXGroup;
			children = (
				852FC8EE1B5B6939001B5AA2 /* RBTabBarViewController.h */,
				852FC8EF1B5B6939001B5AA2 /* RBTabBarViewController.m */,
				853CA8C71B590A6D003AC7F0 /* Controllers */,
				851EF8331B58C72B000E6075 /* AppDelegate.h */,
				851EF8341B58C72B000E6075 /* AppDelegate.m */,
				851EF8391B58C72B000E6075 /* Main.storyboard */,
				85DF7CD51B59151C00687350 /* Models */,
				851EF83C1B58C72B000E6075 /* Images.xcassets */,
				851EF83E1B58C72B000E6075 /* LaunchScreen.xib */,
				851EF82F1B58C72B000E6075 /* Supporting Files */,
			);
			path = RainforestBay;
			sourceTree = "<group>";
		};
		851EF82F1B58C72B000E6075 /* Supporting Files */ = {
			isa = PBXGroup;
			children = (
				851EF8301B58C72B000E6075 /* Info.plist */,
				851EF8311B58C72B000E6075 /* main.m */,
			);
			name = "Supporting Files";
			sourceTree = "<group>";
		};
		851EF8481B58C72B000E6075 /* RainforestBayTests */ = {
			isa = PBXGroup;
			children = (
				851EF84B1B58C72B000E6075 /* RainforestBayTests.m */,
				851EF8491B58C72B000E6075 /* Supporting Files */,
			);
			path = RainforestBayTests;
			sourceTree = "<group>";
		};
		851EF8491B58C72B000E6075 /* Supporting Files */ = {
			isa = PBXGroup;
			children = (
				851EF84A1B58C72B000E6075 /* Info.plist */,
			);
			name = "Supporting Files";
			sourceTree = "<group>";
		};
		853CA8C71B590A6D003AC7F0 /* Controllers */ = {
			isa = PBXGroup;
			children = (
				852FC8F11B5B7AE9001B5AA2 /* AuthViewController.h */,
				852FC8F21B5B7AE9001B5AA2 /* AuthViewController.m */,
				853CA8C41B590A61003AC7F0 /* MarketplaceViewController.h */,
				853CA8C51B590A61003AC7F0 /* MarketplaceViewController.m */,
				852FC8E81B5B5B11001B5AA2 /* ProfileViewController.h */,
				852FC8E91B5B5B11001B5AA2 /* ProfileViewController.m */,
				85DF7CCF1B5914C800687350 /* SellViewController.h */,
				85DF7CD01B5914C800687350 /* SellViewController.m */,
			);
			name = Controllers;
			sourceTree = "<group>";
		};
		85DF7CB61B59136B00687350 /* Frameworks */ = {
			isa = PBXGroup;
			children = (
				85DF7CCD1B5913D400687350 /* Social.framework */,
				85DF7CCB1B5913CF00687350 /* Accounts.framework */,
				85DF7CC91B5913C600687350 /* libsqlite3.dylib */,
				85DF7CC71B5913C000687350 /* libz.dylib */,
				85DF7CC51B5913BA00687350 /* SystemConfiguration.framework */,
				85DF7CC31B5913B500687350 /* StoreKit.framework */,
				85DF7CC11B5913AF00687350 /* Security.framework */,
				85DF7CBF1B5913AA00687350 /* QuartzCore.framework */,
				85DF7CBD1B5913A300687350 /* CoreLocation.framework */,
				85DF7CBB1B59139B00687350 /* CoreGraphics.framework */,
				85DF7CB91B59139500687350 /* CFNetwork.framework */,
				85DF7CB71B59138E00687350 /* AudioToolbox.framework */,
				85DF7CB21B59136500687350 /* Bolts.framework */,
				85DF7CB31B59136500687350 /* Parse.framework */,
			);
			name = Frameworks;
			sourceTree = "<group>";
		};
		85DF7CD51B59151C00687350 /* Models */ = {
			isa = PBXGroup;
			children = (
				85DF7CD21B59151700687350 /* Listing.h */,
				85DF7CD31B59151700687350 /* Listing.m */,
			);
			name = Models;
			sourceTree = "<group>";
		};
/* End PBXGroup section */

/* Begin PBXNativeTarget section */
		851EF82B1B58C72B000E6075 /* RainforestBay */ = {
			isa = PBXNativeTarget;
			buildConfigurationList = 851EF84F1B58C72B000E6075 /* Build configuration list for PBXNativeTarget "RainforestBay" */;
			buildPhases = (
				851EF8281B58C72B000E6075 /* Sources */,
				851EF8291B58C72B000E6075 /* Frameworks */,
				851EF82A1B58C72B000E6075 /* Resources */,
			);
			buildRules = (
			);
			dependencies = (
			);
			name = RainforestBay;
			productName = RainforestBay;
			productReference = 851EF82C1B58C72B000E6075 /* RainforestBay.app */;
			productType = "com.apple.product-type.application";
		};
		851EF8441B58C72B000E6075 /* RainforestBayTests */ = {
			isa = PBXNativeTarget;
			buildConfigurationList = 851EF8521B58C72B000E6075 /* Build configuration list for PBXNativeTarget "RainforestBayTests" */;
			buildPhases = (
				851EF8411B58C72B000E6075 /* Sources */,
				851EF8421B58C72B000E6075 /* Frameworks */,
				851EF8431B58C72B000E6075 /* Resources */,
			);
			buildRules = (
			);
			dependencies = (
				851EF8471B58C72B000E6075 /* PBXTargetDependency */,
			);
			name = RainforestBayTests;
			productName = RainforestBayTests;
			productReference = 851EF8451B58C72B000E6075 /* RainforestBayTests.xctest */;
			productType = "com.apple.product-type.bundle.unit-test";
		};
/* End PBXNativeTarget section */

/* Begin PBXProject section */
		851EF8241B58C72B000E6075 /* Project object */ = {
			isa = PBXProject;
			attributes = {
				LastUpgradeCheck = 0640;
				ORGANIZATIONNAME = Meduse;
				TargetAttributes = {
					851EF82B1B58C72B000E6075 = {
						CreatedOnToolsVersion = 6.4;
					};
					851EF8441B58C72B000E6075 = {
						CreatedOnToolsVersion = 6.4;
						TestTargetID = 851EF82B1B58C72B000E6075;
					};
				};
			};
			buildConfigurationList = 851EF8271B58C72B000E6075 /* Build configuration list for PBXProject "RainforestBay" */;
			compatibilityVersion = "Xcode 3.2";
			developmentRegion = English;
			hasScannedForEncodings = 0;
			knownRegions = (
				en,
				Base,
			);
			mainGroup = 851EF8231B58C72B000E6075;
			productRefGroup = 851EF82D1B58C72B000E6075 /* Products */;
			projectDirPath = "";
			projectRoot = "";
			targets = (
				851EF82B1B58C72B000E6075 /* RainforestBay */,
				851EF8441B58C72B000E6075 /* RainforestBayTests */,
			);
		};
/* End PBXProject section */

/* Begin PBXResourcesBuildPhase section */
		851EF82A1B58C72B000E6075 /* Resources */ = {
			isa = PBXResourcesBuildPhase;
			buildActionMask = 2147483647;
			files = (
				851EF83B1B58C72B000E6075 /* Main.storyboard in Resources */,
				851EF8401B58C72B000E6075 /* LaunchScreen.xib in Resources */,
				851EF83D1B58C72B000E6075 /* Images.xcassets in Resources */,
			);
			runOnlyForDeploymentPostprocessing = 0;
		};
		851EF8431B58C72B000E6075 /* Resources */ = {
			isa = PBXResourcesBuildPhase;
			buildActionMask = 2147483647;
			files = (
			);
			runOnlyForDeploymentPostprocessing = 0;
		};
/* End PBXResourcesBuildPhase section */

/* Begin PBXSourcesBuildPhase section */
		851EF8281B58C72B000E6075 /* Sources */ = {
			isa = PBXSourcesBuildPhase;
			buildActionMask = 2147483647;
			files = (
				852FC8F31B5B7AE9001B5AA2 /* AuthViewController.m in Sources */,
				852FC8F01B5B6939001B5AA2 /* RBTabBarViewController.m in Sources */,
				851EF8351B58C72B000E6075 /* AppDelegate.m in Sources */,
				85DF7CD41B59151700687350 /* Listing.m in Sources */,
				853CA8C61B590A61003AC7F0 /* MarketplaceViewController.m in Sources */,
				85DF7CD11B5914C800687350 /* SellViewController.m in Sources */,
				852FC8EA1B5B5B11001B5AA2 /* ProfileViewController.m in Sources */,
				851EF8321B58C72B000E6075 /* main.m in Sources */,
			);
			runOnlyForDeploymentPostprocessing = 0;
		};
		851EF8411B58C72B000E6075 /* Sources */ = {
			isa = PBXSourcesBuildPhase;
			buildActionMask = 2147483647;
			files = (
				851EF84C1B58C72B000E6075 /* RainforestBayTests.m in Sources */,
			);
			runOnlyForDeploymentPostprocessing = 0;
		};
/* End PBXSourcesBuildPhase section */

/* Begin PBXTargetDependency section */
		851EF8471B58C72B000E6075 /* PBXTargetDependency */ = {
			isa = PBXTargetDependency;
			target = 851EF82B1B58C72B000E6075 /* RainforestBay */;
			targetProxy = 851EF8461B58C72B000E6075 /* PBXContainerItemProxy */;
		};
/* End PBXTargetDependency section */

/* Begin PBXVariantGroup section */
		851EF8391B58C72B000E6075 /* Main.storyboard */ = {
			isa = PBXVariantGroup;
			children = (
				851EF83A1B58C72B000E6075 /* Base */,
			);
			name = Main.storyboard;
			sourceTree = "<group>";
		};
		851EF83E1B58C72B000E6075 /* LaunchScreen.xib */ = {
			isa = PBXVariantGroup;
			children = (
				851EF83F1B58C72B000E6075 /* Base */,
			);
			name = LaunchScreen.xib;
			sourceTree = "<group>";
		};
/* End PBXVariantGroup section */

/* Begin XCBuildConfiguration section */
		851EF84D1B58C72B000E6075 /* Debug */ = {
			isa = XCBuildConfiguration;
			buildSettings = {
				ALWAYS_SEARCH_USER_PATHS = NO;
				CLANG_CXX_LANGUAGE_STANDARD = "gnu++0x";
				CLANG_CXX_LIBRARY = "libc++";
				CLANG_ENABLE_MODULES = YES;
				CLANG_ENABLE_OBJC_ARC = YES;
				CLANG_WARN_BOOL_CONVERSION = YES;
				CLANG_WARN_CONSTANT_CONVERSION = YES;
				CLANG_WARN_DIRECT_OBJC_ISA_USAGE = YES_ERROR;
				CLANG_WARN_EMPTY_BODY = YES;
				CLANG_WARN_ENUM_CONVERSION = YES;
				CLANG_WARN_INT_CONVERSION = YES;
				CLANG_WARN_OBJC_ROOT_CLASS = YES_ERROR;
				CLANG_WARN_UNREACHABLE_CODE = YES;
				CLANG_WARN__DUPLICATE_METHOD_MATCH = YES;
				"CODE_SIGN_IDENTITY[sdk=iphoneos*]" = "iPhone Developer";
				COPY_PHASE_STRIP = NO;
				DEBUG_INFORMATION_FORMAT = "dwarf-with-dsym";
				ENABLE_STRICT_OBJC_MSGSEND = YES;
				GCC_C_LANGUAGE_STANDARD = gnu99;
				GCC_DYNAMIC_NO_PIC = NO;
				GCC_NO_COMMON_BLOCKS = YES;
				GCC_OPTIMIZATION_LEVEL = 0;
				GCC_PREPROCESSOR_DEFINITIONS = (
					"DEBUG=1",
					"$(inherited)",
				);
				GCC_SYMBOLS_PRIVATE_EXTERN = NO;
				GCC_WARN_64_TO_32_BIT_CONVERSION = YES;
				GCC_WARN_ABOUT_RETURN_TYPE = YES_ERROR;
				GCC_WARN_UNDECLARED_SELECTOR = YES;
				GCC_WARN_UNINITIALIZED_AUTOS = YES_AGGRESSIVE;
				GCC_WARN_UNUSED_FUNCTION = YES;
				GCC_WARN_UNUSED_VARIABLE = YES;
				IPHONEOS_DEPLOYMENT_TARGET = 8.4;
				MTL_ENABLE_DEBUG_INFO = YES;
				ONLY_ACTIVE_ARCH = YES;
				SDKROOT = iphoneos;
			};
			name = Debug;
		};
		851EF84E1B58C72B000E6075 /* Release */ = {
			isa = XCBuildConfiguration;
			buildSettings = {
				ALWAYS_SEARCH_USER_PATHS = NO;
				CLANG_CXX_LANGUAGE_STANDARD = "gnu++0x";
				CLANG_CXX_LIBRARY = "libc++";
				CLANG_ENABLE_MODULES = YES;
				CLANG_ENABLE_OBJC_ARC = YES;
				CLANG_WARN_BOOL_CONVERSION = YES;
				CLANG_WARN_CONSTANT_CONVERSION = YES;
				CLANG_WARN_DIRECT_OBJC_ISA_USAGE = YES_ERROR;
				CLANG_WARN_EMPTY_BODY = YES;
				CLANG_WARN_ENUM_CONVERSION = YES;
				CLANG_WARN_INT_CONVERSION = YES;
				CLANG_WARN_OBJC_ROOT_CLASS = YES_ERROR;
				CLANG_WARN_UNREACHABLE_CODE = YES;
				CLANG_WARN__DUPLICATE_METHOD_MATCH = YES;
				"CODE_SIGN_IDENTITY[sdk=iphoneos*]" = "iPhone Developer";
				COPY_PHASE_STRIP = NO;
				DEBUG_INFORMATION_FORMAT = "dwarf-with-dsym";
				ENABLE_NS_ASSERTIONS = NO;
				ENABLE_STRICT_OBJC_MSGSEND = YES;
				GCC_C_LANGUAGE_STANDARD = gnu99;
				GCC_NO_COMMON_BLOCKS = YES;
				GCC_WARN_64_TO_32_BIT_CONVERSION = YES;
				GCC_WARN_ABOUT_RETURN_TYPE = YES_ERROR;
				GCC_WARN_UNDECLARED_SELECTOR = YES;
				GCC_WARN_UNINITIALIZED_AUTOS = YES_AGGRESSIVE;
				GCC_WARN_UNUSED_FUNCTION = YES;
				GCC_WARN_UNUSED_VARIABLE = YES;
				IPHONEOS_DEPLOYMENT_TARGET = 8.4;
				MTL_ENABLE_DEBUG_INFO = NO;
				SDKROOT = iphoneos;
				VALIDATE_PRODUCT = YES;
			};
			name = Release;
		};
		851EF8501B58C72B000E6075 /* Debug */ = {
			isa = XCBuildConfiguration;
			buildSettings = {
				ASSETCATALOG_COMPILER_APPICON_NAME = AppIcon;
				FRAMEWORK_SEARCH_PATHS = (
					"$(inherited)",
					"$(PROJECT_DIR)",
				);
				INFOPLIST_FILE = RainforestBay/Info.plist;
				LD_RUNPATH_SEARCH_PATHS = "$(inherited) @executable_path/Frameworks";
				PRODUCT_NAME = "$(TARGET_NAME)";
				TARGETED_DEVICE_FAMILY = "1,2";
			};
			name = Debug;
		};
		851EF8511B58C72B000E6075 /* Release */ = {
			isa = XCBuildConfiguration;
			buildSettings = {
				ASSETCATALOG_COMPILER_APPICON_NAME = AppIcon;
				FRAMEWORK_SEARCH_PATHS = (
					"$(inherited)",
					"$(PROJECT_DIR)",
				);
				INFOPLIST_FILE = RainforestBay/Info.plist;
				LD_RUNPATH_SEARCH_PATHS = "$(inherited) @executable_path/Frameworks";
				PRODUCT_NAME = "$(TARGET_NAME)";
				TARGETED_DEVICE_FAMILY = "1,2";
			};
			name = Release;
		};
		851EF8531B58C72B000E6075 /* Debug */ = {
			isa = XCBuildConfiguration;
			buildSettings = {
				BUNDLE_LOADER = "$(TEST_HOST)";
				FRAMEWORK_SEARCH_PATHS = (
					"$(SDKROOT)/Developer/Library/Frameworks",
					"$(inherited)",
				);
				GCC_PREPROCESSOR_DEFINITIONS = (
					"DEBUG=1",
					"$(inherited)",
				);
				INFOPLIST_FILE = RainforestBayTests/Info.plist;
				LD_RUNPATH_SEARCH_PATHS = "$(inherited) @executable_path/Frameworks @loader_path/Frameworks";
				PRODUCT_NAME = "$(TARGET_NAME)";
				TEST_HOST = "$(BUILT_PRODUCTS_DIR)/RainforestBay.app/RainforestBay";
			};
			name = Debug;
		};
		851EF8541B58C72B000E6075 /* Release */ = {
			isa = XCBuildConfiguration;
			buildSettings = {
				BUNDLE_LOADER = "$(TEST_HOST)";
				FRAMEWORK_SEARCH_PATHS = (
					"$(SDKROOT)/Developer/Library/Frameworks",
					"$(inherited)",
				);
				INFOPLIST_FILE = RainforestBayTests/Info.plist;
				LD_RUNPATH_SEARCH_PATHS = "$(inherited) @executable_path/Frameworks @loader_path/Frameworks";
				PRODUCT_NAME = "$(TARGET_NAME)";
				TEST_HOST = "$(BUILT_PRODUCTS_DIR)/RainforestBay.app/RainforestBay";
			};
			name = Release;
		};
/* End XCBuildConfiguration section */

/* Begin XCConfigurationList section */
		851EF8271B58C72B000E6075 /* Build configuration list for PBXProject "RainforestBay" */ = {
			isa = XCConfigurationList;
			buildConfigurations = (
				851EF84D1B58C72B000E6075 /* Debug */,
				851EF84E1B58C72B000E6075 /* Release */,
			);
			defaultConfigurationIsVisible = 0;
			defaultConfigurationName = Release;
		};
		851EF84F1B58C72B000E6075 /* Build configuration list for PBXNativeTarget "RainforestBay" */ = {
			isa = XCConfigurationList;
			buildConfigurations = (
				851EF8501B58C72B000E6075 /* Debug */,
				851EF8511B58C72B000E6075 /* Release */,
			);
			defaultConfigurationIsVisible = 0;
			defaultConfigurationName = Release;
		};
		851EF8521B58C72B000E6075 /* Build configuration list for PBXNativeTarget "RainforestBayTests" */ = {
			isa = XCConfigurationList;
			buildConfigurations = (
				851EF8531B58C72B000E6075 /* Debug */,
				851EF8541B58C72B000E6075 /* Release */,
			);
			defaultConfigurationIsVisible = 0;
			defaultConfigurationName = Release;
		};
/* End XCConfigurationList section */
	};
	rootObject = 851EF8241B58C72B000E6075 /* Project object */;
}
